
Microsoft Visual Studio Solution File, Format Version 12.00
# Visual Studio 15
VisualStudioVersion = 15.0.34112.143
MinimumVisualStudioVersion = 10.0.40219.1
Project("{F184B08F-C81C-45F6-A57F-5ABD9991F28F}") = "For-Each-Demo", "For-Each-Demo\For-Each-Demo.vbproj", "{2E079FC1-BD5B-4700-A31D-6B13474F3FF9}"
EndProject
Global
	GlobalSection(SolutionConfigurationPlatforms) = preSolution
		Debug|Any CPU = Debug|Any CPU
		Release|Any CPU = Release|Any CPU
	EndGlobalSection
	GlobalSection(ProjectConfigurationPlatforms) = postSolution
		{2E079FC1-BD5B-4700-A31D-6B13474F3FF9}.Debug|Any CPU.ActiveCfg = Debug|Any CPU
		{2E079FC1-BD5B-4700-A31D-6B13474F3FF9}.Debug|Any CPU.Build.0 = Debug|Any CPU
		{2E079FC1-BD5B-4700-A31D-6B13474F3FF9}.Release|Any CPU.ActiveCfg = Release|Any CPU
		{2E079FC1-BD5B-4700-A31D-6B13474F3FF9}.Release|Any CPU.Build.0 = Release|Any CPU
	EndGlobalSection
	GlobalSection(SolutionProperties) = preSolution
		HideSolutionNode = FALSE
	EndGlobalSection
	GlobalSection(ExtensibilityGlobals) = postSolution
		SolutionGuid = {F2D11EC9-3879-4F68-90E9-C3B285DA9BF2}
	EndGlobalSection
EndGlobal
