
Microsoft Visual Studio Solution File, Format Version 12.00
# Visual Studio 15
VisualStudioVersion = 15.0.34526.175
MinimumVisualStudioVersion = 10.0.40219.1
Project("{F184B08F-C81C-45F6-A57F-5ABD9991F28F}") = "GroupProject", "GroupProject\GroupProject.vbproj", "{BD3A9B9A-4BE8-4877-B079-8B1213B17F53}"
EndProject
Global
	GlobalSection(SolutionConfigurationPlatforms) = preSolution
		Debug|Any CPU = Debug|Any CPU
		Release|Any CPU = Release|Any CPU
	EndGlobalSection
	GlobalSection(ProjectConfigurationPlatforms) = postSolution
		{BD3A9B9A-4BE8-4877-B079-8B1213B17F53}.Debug|Any CPU.ActiveCfg = Debug|Any CPU
		{BD3A9B9A-4BE8-4877-B079-8B1213B17F53}.Debug|Any CPU.Build.0 = Debug|Any CPU
		{BD3A9B9A-4BE8-4877-B079-8B1213B17F53}.Release|Any CPU.ActiveCfg = Release|Any CPU
		{BD3A9B9A-4BE8-4877-B079-8B1213B17F53}.Release|Any CPU.Build.0 = Release|Any CPU
	EndGlobalSection
	GlobalSection(SolutionProperties) = preSolution
		HideSolutionNode = FALSE
	EndGlobalSection
	GlobalSection(ExtensibilityGlobals) = postSolution
		SolutionGuid = {32B7F94A-104B-43BA-BBF6-C2B9D2BDBA02}
	EndGlobalSection
EndGlobal
