
Microsoft Visual Studio Solution File, Format Version 12.00
# Visual Studio 15
VisualStudioVersion = 15.0.34526.175
MinimumVisualStudioVersion = 10.0.40219.1
Project("{F184B08F-C81C-45F6-A57F-5ABD9991F28F}") = "helloWorld", "helloWorld\helloWorld.vbproj", "{3037B397-776F-4C07-A85D-23C6D034FD28}"
EndProject
Global
	GlobalSection(SolutionConfigurationPlatforms) = preSolution
		Debug|Any CPU = Debug|Any CPU
		Release|Any CPU = Release|Any CPU
	EndGlobalSection
	GlobalSection(ProjectConfigurationPlatforms) = postSolution
		{3037B397-776F-4C07-A85D-23C6D034FD28}.Debug|Any CPU.ActiveCfg = Debug|Any CPU
		{3037B397-776F-4C07-A85D-23C6D034FD28}.Debug|Any CPU.Build.0 = Debug|Any CPU
		{3037B397-776F-4C07-A85D-23C6D034FD28}.Release|Any CPU.ActiveCfg = Release|Any CPU
		{3037B397-776F-4C07-A85D-23C6D034FD28}.Release|Any CPU.Build.0 = Release|Any CPU
	EndGlobalSection
	GlobalSection(SolutionProperties) = preSolution
		HideSolutionNode = FALSE
	EndGlobalSection
	GlobalSection(ExtensibilityGlobals) = postSolution
		SolutionGuid = {283AF039-4978-4403-AF15-A1F673D6029A}
	EndGlobalSection
EndGlobal
