
Microsoft Visual Studio Solution File, Format Version 12.00
# Visual Studio 15
VisualStudioVersion = 15.0.34526.175
MinimumVisualStudioVersion = 10.0.40219.1
Project("{F184B08F-C81C-45F6-A57F-5ABD9991F28F}") = "learningListBox", "learningListBox\learningListBox.vbproj", "{A9CFF89A-1D0F-4959-B65D-E68B1D1CA66D}"
EndProject
Global
	GlobalSection(SolutionConfigurationPlatforms) = preSolution
		Debug|Any CPU = Debug|Any CPU
		Release|Any CPU = Release|Any CPU
	EndGlobalSection
	GlobalSection(ProjectConfigurationPlatforms) = postSolution
		{A9CFF89A-1D0F-4959-B65D-E68B1D1CA66D}.Debug|Any CPU.ActiveCfg = Debug|Any CPU
		{A9CFF89A-1D0F-4959-B65D-E68B1D1CA66D}.Debug|Any CPU.Build.0 = Debug|Any CPU
		{A9CFF89A-1D0F-4959-B65D-E68B1D1CA66D}.Release|Any CPU.ActiveCfg = Release|Any CPU
		{A9CFF89A-1D0F-4959-B65D-E68B1D1CA66D}.Release|Any CPU.Build.0 = Release|Any CPU
	EndGlobalSection
	GlobalSection(SolutionProperties) = preSolution
		HideSolutionNode = FALSE
	EndGlobalSection
	GlobalSection(ExtensibilityGlobals) = postSolution
		SolutionGuid = {DE3E7108-AC8E-4E1D-B3FA-6320C74746C7}
	EndGlobalSection
EndGlobal
